
Microsoft Visual Studio Solution File, Format Version 12.00
# Visual Studio Version 17
VisualStudioVersion = 17.9.34622.214
MinimumVisualStudioVersion = 10.0.40219.1
Project("{FAE04EC0-301F-11D3-BF4B-00C04F79EFBC}") = "AceJobAgency", "AceJobAgency\AceJobAgency.csproj", "{F9875DEE-817F-4DBA-9997-AAF6115FBACC}"
EndProject
Global
	GlobalSection(SolutionConfigurationPlatforms) = preSolution
		Debug|Any CPU = Debug|Any CPU
		Release|Any CPU = Release|Any CPU
	EndGlobalSection
	GlobalSection(ProjectConfigurationPlatforms) = postSolution
		{F9875DEE-817F-4DBA-9997-AAF6115FBACC}.Debug|Any CPU.ActiveCfg = Debug|Any CPU
		{F9875DEE-817F-4DBA-9997-AAF6115FBACC}.Debug|Any CPU.Build.0 = Debug|Any CPU
		{F9875DEE-817F-4DBA-9997-AAF6115FBACC}.Release|Any CPU.ActiveCfg = Release|Any CPU
		{F9875DEE-817F-4DBA-9997-AAF6115FBACC}.Release|Any CPU.Build.0 = Release|Any CPU
	EndGlobalSection
	GlobalSection(SolutionProperties) = preSolution
		HideSolutionNode = FALSE
	EndGlobalSection
	GlobalSection(ExtensibilityGlobals) = postSolution
		SolutionGuid = {3BF7E1D6-089A-4C9D-AFF5-392C1DF8B3B6}
	EndGlobalSection
EndGlobal
